// !$*UTF8*$!
{
	archiveVersion = 1;
	classes = {
	};
	objectVersion = 50;
	objects = {

/* Begin PBXBuildFile section */
		1410E650222891EF001207C8 /* AppDelegate.swift in Sources */ = {isa = PBXBuildFile; fileRef = 1410E64F222891EF001207C8 /* AppDelegate.swift */; };
		1410E652222891F1001207C8 /* Assets.xcassets in Resources */ = {isa = PBXBuildFile; fileRef = 1410E651222891F1001207C8 /* Assets.xcassets */; };
		1410E655222891F1001207C8 /* MainMenu.xib in Resources */ = {isa = PBXBuildFile; fileRef = 1410E653222891F1001207C8 /* MainMenu.xib */; };
		1410E666222C788C001207C8 /* PseudoTextView.swift in Sources */ = {isa = PBXBuildFile; fileRef = 1410E665222C788C001207C8 /* PseudoTextView.swift */; };
		1410E668222C80AD001207C8 /* EntryCellView.swift in Sources */ = {isa = PBXBuildFile; fileRef = 1410E667222C80AD001207C8 /* EntryCellView.swift */; };
		1410E66A222C821A001207C8 /* Entry.swift in Sources */ = {isa = PBXBuildFile; fileRef = 1410E669222C821A001207C8 /* Entry.swift */; };
/* End PBXBuildFile section */

/* Begin PBXFileReference section */
		1410E64C222891EF001207C8 /* AutolayoutTest.app */ = {isa = PBXFileReference; explicitFileType = wrapper.application; includeInIndex = 0; path = AutolayoutTest.app; sourceTree = BUILT_PRODUCTS_DIR; };
		1410E64F222891EF001207C8 /* AppDelegate.swift */ = {isa = PBXFileReference; lastKnownFileType = sourcecode.swift; path = AppDelegate.swift; sourceTree = "<group>"; };
		1410E651222891F1001207C8 /* Assets.xcassets */ = {isa = PBXFileReference; lastKnownFileType = folder.assetcatalog; path = Assets.xcassets; sourceTree = "<group>"; };
		1410E654222891F1001207C8 /* Base */ = {isa = PBXFileReference; lastKnownFileType = file.xib; name = Base; path = Base.lproj/MainMenu.xib; sourceTree = "<group>"; };
		1410E656222891F1001207C8 /* Info.plist */ = {isa = PBXFileReference; lastKnownFileType = text.plist.xml; path = Info.plist; sourceTree = "<group>"; };
		1410E657222891F1001207C8 /* AutolayoutTest.entitlements */ = {isa = PBXFileReference; lastKnownFileType = text.plist.entitlements; path = AutolayoutTest.entitlements; sourceTree = "<group>"; };
		1410E665222C788C001207C8 /* PseudoTextView.swift */ = {isa = PBXFileReference; lastKnownFileType = sourcecode.swift; path = PseudoTextView.swift; sourceTree = "<group>"; };
		1410E667222C80AD001207C8 /* EntryCellView.swift */ = {isa = PBXFileReference; lastKnownFileType = sourcecode.swift; path = EntryCellView.swift; sourceTree = "<group>"; };
		1410E669222C821A001207C8 /* Entry.swift */ = {isa = PBXFileReference; lastKnownFileType = sourcecode.swift; path = Entry.swift; sourceTree = "<group>"; };
/* End PBXFileReference section */

/* Begin PBXFrameworksBuildPhase section */
		1410E649222891EF001207C8 /* Frameworks */ = {
			isa = PBXFrameworksBuildPhase;
			buildActionMask = 2147483647;
			files = (
			);
			runOnlyForDeploymentPostprocessing = 0;
		};
/* End PBXFrameworksBuildPhase section */

/* Begin PBXGroup section */
		1410E643222891EF001207C8 = {
			isa = PBXGroup;
			children = (
				1410E64E222891EF001207C8 /* AutolayoutTest */,
				1410E64D222891EF001207C8 /* Products */,
			);
			sourceTree = "<group>";
		};
		1410E64D222891EF001207C8 /* Products */ = {
			isa = PBXGroup;
			children = (
				1410E64C222891EF001207C8 /* AutolayoutTest.app */,
			);
			name = Products;
			sourceTree = "<group>";
		};
		1410E64E222891EF001207C8 /* AutolayoutTest */ = {
			isa = PBXGroup;
			children = (
				1410E64F222891EF001207C8 /* AppDelegate.swift */,
				1410E669222C821A001207C8 /* Entry.swift */,
				1410E651222891F1001207C8 /* Assets.xcassets */,
				1410E653222891F1001207C8 /* MainMenu.xib */,
				1410E665222C788C001207C8 /* PseudoTextView.swift */,
				1410E667222C80AD001207C8 /* EntryCellView.swift */,
				1410E656222891F1001207C8 /* Info.plist */,
				1410E657222891F1001207C8 /* AutolayoutTest.entitlements */,
			);
			path = AutolayoutTest;
			sourceTree = "<group>";
		};
/* End PBXGroup section */

/* Begin PBXNativeTarget section */
		1410E64B222891EF001207C8 /* AutolayoutTest */ = {
			isa = PBXNativeTarget;
			buildConfigurationList = 1410E65A222891F1001207C8 /* Build configuration list for PBXNativeTarget "AutolayoutTest" */;
			buildPhases = (
				1410E648222891EF001207C8 /* Sources */,
				1410E649222891EF001207C8 /* Frameworks */,
				1410E64A222891EF001207C8 /* Resources */,
			);
			buildRules = (
			);
			dependencies = (
			);
			name = AutolayoutTest;
			productName = AutolayoutTest;
			productReference = 1410E64C222891EF001207C8 /* AutolayoutTest.app */;
			productType = "com.apple.product-type.application";
		};
/* End PBXNativeTarget section */

/* Begin PBXProject section */
		1410E644222891EF001207C8 /* Project object */ = {
			isa = PBXProject;
			attributes = {
				LastSwiftUpdateCheck = 1010;
				LastUpgradeCheck = 1010;
				ORGANIZATIONNAME = "Sean Rich";
				TargetAttributes = {
					1410E64B222891EF001207C8 = {
						CreatedOnToolsVersion = 10.1;
					};
				};
			};
			buildConfigurationList = 1410E647222891EF001207C8 /* Build configuration list for PBXProject "AutolayoutTest" */;
			compatibilityVersion = "Xcode 9.3";
			developmentRegion = en;
			hasScannedForEncodings = 0;
			knownRegions = (
				en,
				Base,
			);
			mainGroup = 1410E643222891EF001207C8;
			productRefGroup = 1410E64D222891EF001207C8 /* Products */;
			projectDirPath = "";
			projectRoot = "";
			targets = (
				1410E64B222891EF001207C8 /* AutolayoutTest */,
			);
		};
/* End PBXProject section */

/* Begin PBXResourcesBuildPhase section */
		1410E64A222891EF001207C8 /* Resources */ = {
			isa = PBXResourcesBuildPhase;
			buildActionMask = 2147483647;
			files = (
				1410E652222891F1001207C8 /* Assets.xcassets in Resources */,
				1410E655222891F1001207C8 /* MainMenu.xib in Resources */,
			);
			runOnlyForDeploymentPostprocessing = 0;
		};
/* End PBXResourcesBuildPhase section */

/* Begin PBXSourcesBuildPhase section */
		1410E648222891EF001207C8 /* Sources */ = {
			isa = PBXSourcesBuildPhase;
			buildActionMask = 2147483647;
			files = (
				1410E66A222C821A001207C8 /* Entry.swift in Sources */,
				1410E650222891EF001207C8 /* AppDelegate.swift in Sources */,
				1410E666222C788C001207C8 /* PseudoTextView.swift in Sources */,
				1410E668222C80AD001207C8 /* EntryCellView.swift in Sources */,
			);
			runOnlyForDeploymentPostprocessing = 0;
		};
/* End PBXSourcesBuildPhase section */

/* Begin PBXVariantGroup section */
		1410E653222891F1001207C8 /* MainMenu.xib */ = {
			isa = PBXVariantGroup;
			children = (
				1410E654222891F1001207C8 /* Base */,
			);
			name = MainMenu.xib;
			sourceTree = "<group>";
		};
/* End PBXVariantGroup section */

/* Begin XCBuildConfiguration section */
		1410E658222891F1001207C8 /* Debug */ = {
			isa = XCBuildConfiguration;
			buildSettings = {
				ALWAYS_SEARCH_USER_PATHS = NO;
				CLANG_ANALYZER_NONNULL = YES;
				CLANG_ANALYZER_NUMBER_OBJECT_CONVERSION = YES_AGGRESSIVE;
				CLANG_CXX_LANGUAGE_STANDARD = "gnu++14";
				CLANG_CXX_LIBRARY = "libc++";
				CLANG_ENABLE_MODULES = YES;
				CLANG_ENABLE_OBJC_ARC = YES;
				CLANG_ENABLE_OBJC_WEAK = YES;
				CLANG_WARN_BLOCK_CAPTURE_AUTORELEASING = YES;
				CLANG_WARN_BOOL_CONVERSION = YES;
				CLANG_WARN_COMMA = YES;
				CLANG_WARN_CONSTANT_CONVERSION = YES;
				CLANG_WARN_DEPRECATED_OBJC_IMPLEMENTATIONS = YES;
				CLANG_WARN_DIRECT_OBJC_ISA_USAGE = YES_ERROR;
				CLANG_WARN_DOCUMENTATION_COMMENTS = YES;
				CLANG_WARN_EMPTY_BODY = YES;
				CLANG_WARN_ENUM_CONVERSION = YES;
				CLANG_WARN_INFINITE_RECURSION = YES;
				CLANG_WARN_INT_CONVERSION = YES;
				CLANG_WARN_NON_LITERAL_NULL_CONVERSION = YES;
				CLANG_WARN_OBJC_IMPLICIT_RETAIN_SELF = YES;
				CLANG_WARN_OBJC_LITERAL_CONVERSION = YES;
				CLANG_WARN_OBJC_ROOT_CLASS = YES_ERROR;
				CLANG_WARN_RANGE_LOOP_ANALYSIS = YES;
				CLANG_WARN_STRICT_PROTOTYPES = YES;
				CLANG_WARN_SUSPICIOUS_MOVE = YES;
				CLANG_WARN_UNGUARDED_AVAILABILITY = YES_AGGRESSIVE;
				CLANG_WARN_UNREACHABLE_CODE = YES;
				CLANG_WARN__DUPLICATE_METHOD_MATCH = YES;
				CODE_SIGN_IDENTITY = "Mac Developer";
				COPY_PHASE_STRIP = NO;
				DEBUG_INFORMATION_FORMAT = dwarf;
				ENABLE_STRICT_OBJC_MSGSEND = YES;
				ENABLE_TESTABILITY = YES;
				GCC_C_LANGUAGE_STANDARD = gnu11;
				GCC_DYNAMIC_NO_PIC = NO;
				GCC_NO_COMMON_BLOCKS = YES;
				GCC_OPTIMIZATION_LEVEL = 0;
				GCC_PREPROCESSOR_DEFINITIONS = (
					"DEBUG=1",
					"$(inherited)",
				);
				GCC_WARN_64_TO_32_BIT_CONVERSION = YES;
				GCC_WARN_ABOUT_RETURN_TYPE = YES_ERROR;
				GCC_WARN_UNDECLARED_SELECTOR = YES;
				GCC_WARN_UNINITIALIZED_AUTOS = YES_AGGRESSIVE;
				GCC_WARN_UNUSED_FUNCTION = YES;
				GCC_WARN_UNUSED_VARIABLE = YES;
				MACOSX_DEPLOYMENT_TARGET = 10.14;
				MTL_ENABLE_DEBUG_INFO = INCLUDE_SOURCE;
				MTL_FAST_MATH = YES;
				ONLY_ACTIVE_ARCH = YES;
				SDKROOT = macosx;
				SWIFT_ACTIVE_COMPILATION_CONDITIONS = DEBUG;
				SWIFT_OPTIMIZATION_LEVEL = "-Onone";
			};
			name = Debug;
		};
		1410E659222891F1001207C8 /* Release */ = {
			isa = XCBuildConfiguration;
			buildSettings = {
				ALWAYS_SEARCH_USER_PATHS = NO;
				CLANG_ANALYZER_NONNULL = YES;
				CLANG_ANALYZER_NUMBER_OBJECT_CONVERSION = YES_AGGRESSIVE;
				CLANG_CXX_LANGUAGE_STANDARD = "gnu++14";
				CLANG_CXX_LIBRARY = "libc++";
				CLANG_ENABLE_MODULES = YES;
				CLANG_ENABLE_OBJC_ARC = YES;
				CLANG_ENABLE_OBJC_WEAK = YES;
				CLANG_WARN_BLOCK_CAPTURE_AUTORELEASING = YES;
				CLANG_WARN_BOOL_CONVERSION = YES;
				CLANG_WARN_COMMA = YES;
				CLANG_WARN_CONSTANT_CONVERSION = YES;
				CLANG_WARN_DEPRECATED_OBJC_IMPLEMENTATIONS = YES;
				CLANG_WARN_DIRECT_OBJC_ISA_USAGE = YES_ERROR;
				CLANG_WARN_DOCUMENTATION_COMMENTS = YES;
				CLANG_WARN_EMPTY_BODY = YES;
				CLANG_WARN_ENUM_CONVERSION = YES;
				CLANG_WARN_INFINITE_RECURSION = YES;
				CLANG_WARN_INT_CONVERSION = YES;
				CLANG_WARN_NON_LITERAL_NULL_CONVERSION = YES;
				CLANG_WARN_OBJC_IMPLICIT_RETAIN_SELF = YES;
				CLANG_WARN_OBJC_LITERAL_CONVERSION = YES;
				CLANG_WARN_OBJC_ROOT_CLASS = YES_ERROR;
				CLANG_WARN_RANGE_LOOP_ANALYSIS = YES;
				CLANG_WARN_STRICT_PROTOTYPES = YES;
				CLANG_WARN_SUSPICIOUS_MOVE = YES;
				CLANG_WARN_UNGUARDED_AVAILABILITY = YES_AGGRESSIVE;
				CLANG_WARN_UNREACHABLE_CODE = YES;
				CLANG_WARN__DUPLICATE_METHOD_MATCH = YES;
				CODE_SIGN_IDENTITY = "Mac Developer";
				COPY_PHASE_STRIP = NO;
				DEBUG_INFORMATION_FORMAT = "dwarf-with-dsym";
				ENABLE_NS_ASSERTIONS = NO;
				ENABLE_STRICT_OBJC_MSGSEND = YES;
				GCC_C_LANGUAGE_STANDARD = gnu11;
				GCC_NO_COMMON_BLOCKS = YES;
				GCC_WARN_64_TO_32_BIT_CONVERSION = YES;
				GCC_WARN_ABOUT_RETURN_TYPE = YES_ERROR;
				GCC_WARN_UNDECLARED_SELECTOR = YES;
				GCC_WARN_UNINITIALIZED_AUTOS = YES_AGGRESSIVE;
				GCC_WARN_UNUSED_FUNCTION = YES;
				GCC_WARN_UNUSED_VARIABLE = YES;
				MACOSX_DEPLOYMENT_TARGET = 10.14;
				MTL_ENABLE_DEBUG_INFO = NO;
				MTL_FAST_MATH = YES;
				SDKROOT = macosx;
				SWIFT_COMPILATION_MODE = wholemodule;
				SWIFT_OPTIMIZATION_LEVEL = "-O";
			};
			name = Release;
		};
		1410E65B222891F1001207C8 /* Debug */ = {
			isa = XCBuildConfiguration;
			buildSettings = {
				ASSETCATALOG_COMPILER_APPICON_NAME = AppIcon;
				CODE_SIGN_ENTITLEMENTS = AutolayoutTest/AutolayoutTest.entitlements;
				CODE_SIGN_IDENTITY = "Mac Developer";
				CODE_SIGN_STYLE = Automatic;
				COMBINE_HIDPI_IMAGES = YES;
				DEVELOPMENT_TEAM = MVRNVXG53L;
				INFOPLIST_FILE = AutolayoutTest/Info.plist;
				LD_RUNPATH_SEARCH_PATHS = (
					"$(inherited)",
					"@executable_path/../Frameworks",
				);
				PRODUCT_BUNDLE_IDENTIFIER = com.testing.AutolayoutTest;
				PRODUCT_NAME = "$(TARGET_NAME)";
				PROVISIONING_PROFILE_SPECIFIER = "";
				SWIFT_VERSION = 4.2;
			};
			name = Debug;
		};
		1410E65C222891F1001207C8 /* Release */ = {
			isa = XCBuildConfiguration;
			buildSettings = {
				ASSETCATALOG_COMPILER_APPICON_NAME = AppIcon;
				CODE_SIGN_ENTITLEMENTS = AutolayoutTest/AutolayoutTest.entitlements;
				CODE_SIGN_IDENTITY = "Mac Developer";
				CODE_SIGN_STYLE = Automatic;
				COMBINE_HIDPI_IMAGES = YES;
				DEVELOPMENT_TEAM = MVRNVXG53L;
				INFOPLIST_FILE = AutolayoutTest/Info.plist;
				LD_RUNPATH_SEARCH_PATHS = (
					"$(inherited)",
					"@executable_path/../Frameworks",
				);
				PRODUCT_BUNDLE_IDENTIFIER = com.testing.AutolayoutTest;
				PRODUCT_NAME = "$(TARGET_NAME)";
				PROVISIONING_PROFILE_SPECIFIER = "";
				SWIFT_VERSION = 4.2;
			};
			name = Release;
		};
/* End XCBuildConfiguration section */

/* Begin XCConfigurationList section */
		1410E647222891EF001207C8 /* Build configuration list for PBXProject "AutolayoutTest" */ = {
			isa = XCConfigurationList;
			buildConfigurations = (
				1410E658222891F1001207C8 /* Debug */,
				1410E659222891F1001207C8 /* Release */,
			);
			defaultConfigurationIsVisible = 0;
			defaultConfigurationName = Release;
		};
		1410E65A222891F1001207C8 /* Build configuration list for PBXNativeTarget "AutolayoutTest" */ = {
			isa = XCConfigurationList;
			buildConfigurations = (
				1410E65B222891F1001207C8 /* Debug */,
				1410E65C222891F1001207C8 /* Release */,
			);
			defaultConfigurationIsVisible = 0;
			defaultConfigurationName = Release;
		};
/* End XCConfigurationList section */
	};
	rootObject = 1410E644222891EF001207C8 /* Project object */;
}
